
Microsoft Visual Studio Solution File, Format Version 12.00
# Visual Studio 15
VisualStudioVersion = 15.0.27130.2020
MinimumVisualStudioVersion = 10.0.40219.1
Project("{FAE04EC0-301F-11D3-BF4B-00C04F79EFBC}") = "SM4SHCommand", "SM4SHCommand\SM4SHCommand.csproj", "{A79B3C25-FB69-4AF3-BFD2-F9D1451BF2CD}"
	ProjectSection(ProjectDependencies) = postProject
		{67416765-5AA1-47BE-BFAA-9186BA2D2AB9} = {67416765-5AA1-47BE-BFAA-9186BA2D2AB9}
		{CA2F70F1-6869-40FC-991F-C1E27DC577EF} = {CA2F70F1-6869-40FC-991F-C1E27DC577EF}
	EndProjectSection
EndProject
Project("{FAE04EC0-301F-11D3-BF4B-00C04F79EFBC}") = "ProjectTemplateExample", "ProjectTemplateExample\ProjectTemplateExample.csproj", "{26E0E75D-0A14-4731-979C-32AD54C7AE3C}"
EndProject
Project("{2150E333-8FDC-42A3-9474-1A3956D46DE8}") = "FITX", "FITX", "{640EC6FC-D573-4413-8963-A025F54CE974}"
EndProject
Project("{2150E333-8FDC-42A3-9474-1A3956D46DE8}") = "lib", "lib", "{13DDB24F-1C3A-4338-98EB-0E0B680BBBB9}"
EndProject
Project("{FAE04EC0-301F-11D3-BF4B-00C04F79EFBC}") = "SALT", "lib\SALT\SALT\SALT.csproj", "{90CBD9AB-41E3-4868-9632-F894F5BF5B26}"
EndProject
Project("{2150E333-8FDC-42A3-9474-1A3956D46DE8}") = "FITD", "FITD", "{537F555B-84E7-4A7E-8E81-8300E555BF4A}"
EndProject
Project("{2150E333-8FDC-42A3-9474-1A3956D46DE8}") = "FITC", "FITC", "{1D44395A-1FF7-4E79-BD21-3B0009678623}"
EndProject
Project("{2150E333-8FDC-42A3-9474-1A3956D46DE8}") = "SALT", "SALT", "{20897295-485D-4117-A660-6D2DCFC5F6E9}"
EndProject
Project("{FAE04EC0-301F-11D3-BF4B-00C04F79EFBC}") = "FITC", "lib\FITX\FITC\FITC.csproj", "{67416765-5AA1-47BE-BFAA-9186BA2D2AB9}"
EndProject
Project("{FAE04EC0-301F-11D3-BF4B-00C04F79EFBC}") = "FITD", "lib\FITX\FITD\FITD.csproj", "{CA2F70F1-6869-40FC-991F-C1E27DC577EF}"
EndProject
Project("{FAE04EC0-301F-11D3-BF4B-00C04F79EFBC}") = "SALT", "lib\FITX\SALT\SALT\SALT.csproj", "{6038E0A4-4140-43C6-BCAA-1344A7CACDB2}"
EndProject
Global
	GlobalSection(SolutionConfigurationPlatforms) = preSolution
		Debug|Any CPU = Debug|Any CPU
		Release|Any CPU = Release|Any CPU
	EndGlobalSection
	GlobalSection(ProjectConfigurationPlatforms) = postSolution
		{A79B3C25-FB69-4AF3-BFD2-F9D1451BF2CD}.Debug|Any CPU.ActiveCfg = Debug|Any CPU
		{A79B3C25-FB69-4AF3-BFD2-F9D1451BF2CD}.Debug|Any CPU.Build.0 = Debug|Any CPU
		{A79B3C25-FB69-4AF3-BFD2-F9D1451BF2CD}.Release|Any CPU.ActiveCfg = Release|Any CPU
		{A79B3C25-FB69-4AF3-BFD2-F9D1451BF2CD}.Release|Any CPU.Build.0 = Release|Any CPU
		{26E0E75D-0A14-4731-979C-32AD54C7AE3C}.Debug|Any CPU.ActiveCfg = Debug|Any CPU
		{26E0E75D-0A14-4731-979C-32AD54C7AE3C}.Debug|Any CPU.Build.0 = Debug|Any CPU
		{26E0E75D-0A14-4731-979C-32AD54C7AE3C}.Release|Any CPU.ActiveCfg = Release|Any CPU
		{26E0E75D-0A14-4731-979C-32AD54C7AE3C}.Release|Any CPU.Build.0 = Release|Any CPU
		{90CBD9AB-41E3-4868-9632-F894F5BF5B26}.Debug|Any CPU.ActiveCfg = Debug|Any CPU
		{90CBD9AB-41E3-4868-9632-F894F5BF5B26}.Debug|Any CPU.Build.0 = Debug|Any CPU
		{90CBD9AB-41E3-4868-9632-F894F5BF5B26}.Release|Any CPU.ActiveCfg = Release|Any CPU
		{90CBD9AB-41E3-4868-9632-F894F5BF5B26}.Release|Any CPU.Build.0 = Release|Any CPU
		{67416765-5AA1-47BE-BFAA-9186BA2D2AB9}.Debug|Any CPU.ActiveCfg = Debug|Any CPU
		{67416765-5AA1-47BE-BFAA-9186BA2D2AB9}.Debug|Any CPU.Build.0 = Debug|Any CPU
		{67416765-5AA1-47BE-BFAA-9186BA2D2AB9}.Release|Any CPU.ActiveCfg = Release|Any CPU
		{67416765-5AA1-47BE-BFAA-9186BA2D2AB9}.Release|Any CPU.Build.0 = Release|Any CPU
		{CA2F70F1-6869-40FC-991F-C1E27DC577EF}.Debug|Any CPU.ActiveCfg = Debug|Any CPU
		{CA2F70F1-6869-40FC-991F-C1E27DC577EF}.Debug|Any CPU.Build.0 = Debug|Any CPU
		{CA2F70F1-6869-40FC-991F-C1E27DC577EF}.Release|Any CPU.ActiveCfg = Release|Any CPU
		{CA2F70F1-6869-40FC-991F-C1E27DC577EF}.Release|Any CPU.Build.0 = Release|Any CPU
		{6038E0A4-4140-43C6-BCAA-1344A7CACDB2}.Debug|Any CPU.ActiveCfg = Debug|Any CPU
		{6038E0A4-4140-43C6-BCAA-1344A7CACDB2}.Debug|Any CPU.Build.0 = Debug|Any CPU
		{6038E0A4-4140-43C6-BCAA-1344A7CACDB2}.Release|Any CPU.ActiveCfg = Release|Any CPU
		{6038E0A4-4140-43C6-BCAA-1344A7CACDB2}.Release|Any CPU.Build.0 = Release|Any CPU
	EndGlobalSection
	GlobalSection(SolutionProperties) = preSolution
		HideSolutionNode = FALSE
	EndGlobalSection
	GlobalSection(NestedProjects) = preSolution
		{640EC6FC-D573-4413-8963-A025F54CE974} = {13DDB24F-1C3A-4338-98EB-0E0B680BBBB9}
		{90CBD9AB-41E3-4868-9632-F894F5BF5B26} = {13DDB24F-1C3A-4338-98EB-0E0B680BBBB9}
		{537F555B-84E7-4A7E-8E81-8300E555BF4A} = {640EC6FC-D573-4413-8963-A025F54CE974}
		{1D44395A-1FF7-4E79-BD21-3B0009678623} = {640EC6FC-D573-4413-8963-A025F54CE974}
		{20897295-485D-4117-A660-6D2DCFC5F6E9} = {640EC6FC-D573-4413-8963-A025F54CE974}
		{67416765-5AA1-47BE-BFAA-9186BA2D2AB9} = {1D44395A-1FF7-4E79-BD21-3B0009678623}
		{CA2F70F1-6869-40FC-991F-C1E27DC577EF} = {537F555B-84E7-4A7E-8E81-8300E555BF4A}
		{6038E0A4-4140-43C6-BCAA-1344A7CACDB2} = {20897295-485D-4117-A660-6D2DCFC5F6E9}
	EndGlobalSection
	GlobalSection(ExtensibilityGlobals) = postSolution
		SolutionGuid = {0B60CC14-453D-4FC3-AEE6-177F6C1F092D}
	EndGlobalSection
EndGlobal
